
Microsoft Visual Studio Solution File, Format Version 12.00
# Visual Studio Version 16
VisualStudioVersion = 16.0.31613.86
MinimumVisualStudioVersion = 10.0.40219.1
Project("{FAE04EC0-301F-11D3-BF4B-00C04F79EFBC}") = "VoicepackPacker", "VoicepackPacker\VoicepackPacker.csproj", "{FFA3690F-8364-4CEB-8FAB-A8E89AE1C804}"
EndProject
Global
	GlobalSection(SolutionConfigurationPlatforms) = preSolution
		Debug|Any CPU = Debug|Any CPU
		Release|Any CPU = Release|Any CPU
	EndGlobalSection
	GlobalSection(ProjectConfigurationPlatforms) = postSolution
		{FFA3690F-8364-4CEB-8FAB-A8E89AE1C804}.Debug|Any CPU.ActiveCfg = Debug|Any CPU
		{FFA3690F-8364-4CEB-8FAB-A8E89AE1C804}.Debug|Any CPU.Build.0 = Debug|Any CPU
		{FFA3690F-8364-4CEB-8FAB-A8E89AE1C804}.Release|Any CPU.ActiveCfg = Release|Any CPU
		{FFA3690F-8364-4CEB-8FAB-A8E89AE1C804}.Release|Any CPU.Build.0 = Release|Any CPU
	EndGlobalSection
	GlobalSection(SolutionProperties) = preSolution
		HideSolutionNode = FALSE
	EndGlobalSection
	GlobalSection(ExtensibilityGlobals) = postSolution
		SolutionGuid = {C66319DB-935E-4BBD-BC3A-22E2F7B0F5FB}
	EndGlobalSection
EndGlobal
